
Microsoft Visual Studio Solution File, Format Version 12.00
# Visual Studio Version 16
VisualStudioVersion = 16.0.29215.179
MinimumVisualStudioVersion = 10.0.40219.1
Project("{FAE04EC0-301F-11D3-BF4B-00C04F79EFBC}") = "Zork", "Zork\Zork.csproj", "{18202E8F-14D6-4AD2-B05B-533807D4DE0D}"
EndProject
Global
	GlobalSection(SolutionConfigurationPlatforms) = preSolution
		Debug|Any CPU = Debug|Any CPU
		Release|Any CPU = Release|Any CPU
	EndGlobalSection
	GlobalSection(ProjectConfigurationPlatforms) = postSolution
		{18202E8F-14D6-4AD2-B05B-533807D4DE0D}.Debug|Any CPU.ActiveCfg = Debug|Any CPU
		{18202E8F-14D6-4AD2-B05B-533807D4DE0D}.Debug|Any CPU.Build.0 = Debug|Any CPU
		{18202E8F-14D6-4AD2-B05B-533807D4DE0D}.Release|Any CPU.ActiveCfg = Release|Any CPU
		{18202E8F-14D6-4AD2-B05B-533807D4DE0D}.Release|Any CPU.Build.0 = Release|Any CPU
	EndGlobalSection
	GlobalSection(SolutionProperties) = preSolution
		HideSolutionNode = FALSE
	EndGlobalSection
	GlobalSection(ExtensibilityGlobals) = postSolution
		SolutionGuid = {EE3E643A-491B-43E4-B41A-DC7AF126E1A1}
	EndGlobalSection
EndGlobal
